
Microsoft Visual Studio Solution File, Format Version 12.00
# Visual Studio 15
VisualStudioVersion = 15.0.28307.136
MinimumVisualStudioVersion = 10.0.40219.1
Project("{FAE04EC0-301F-11D3-BF4B-00C04F79EFBC}") = "DatatableCRUD", "DatatableCRUD\DatatableCRUD.csproj", "{37072C7F-CE29-4686-BC64-6D98E97758BD}"
EndProject
Global
	GlobalSection(SolutionConfigurationPlatforms) = preSolution
		Debug|Any CPU = Debug|Any CPU
		Release|Any CPU = Release|Any CPU
	EndGlobalSection
	GlobalSection(ProjectConfigurationPlatforms) = postSolution
		{37072C7F-CE29-4686-BC64-6D98E97758BD}.Debug|Any CPU.ActiveCfg = Debug|Any CPU
		{37072C7F-CE29-4686-BC64-6D98E97758BD}.Debug|Any CPU.Build.0 = Debug|Any CPU
		{37072C7F-CE29-4686-BC64-6D98E97758BD}.Release|Any CPU.ActiveCfg = Release|Any CPU
		{37072C7F-CE29-4686-BC64-6D98E97758BD}.Release|Any CPU.Build.0 = Release|Any CPU
	EndGlobalSection
	GlobalSection(SolutionProperties) = preSolution
		HideSolutionNode = FALSE
	EndGlobalSection
	GlobalSection(ExtensibilityGlobals) = postSolution
		SolutionGuid = {BDA6B2FB-0E45-4B0A-9D43-A81E839A1FF2}
	EndGlobalSection
EndGlobal
